
Microsoft Visual Studio Solution File, Format Version 12.00
# Visual Studio Version 17
VisualStudioVersion = 17.8.34330.188
MinimumVisualStudioVersion = 10.0.40219.1
Project("{FAE04EC0-301F-11D3-BF4B-00C04F79EFBC}") = "Trains.Server", "Trains.Server\Trains.Server.csproj", "{27977BC0-06D0-46D0-B6FD-184DAB8006FC}"
EndProject
Project("{54A90642-561A-4BB1-A94E-469ADEE60C69}") = "trains.client", "trains.client\trains.client.esproj", "{9419CE4B-B380-46FC-9AA9-983009D72231}"
EndProject
Global
	GlobalSection(SolutionConfigurationPlatforms) = preSolution
		Debug|Any CPU = Debug|Any CPU
		Release|Any CPU = Release|Any CPU
	EndGlobalSection
	GlobalSection(ProjectConfigurationPlatforms) = postSolution
		{27977BC0-06D0-46D0-B6FD-184DAB8006FC}.Debug|Any CPU.ActiveCfg = Debug|Any CPU
		{27977BC0-06D0-46D0-B6FD-184DAB8006FC}.Debug|Any CPU.Build.0 = Debug|Any CPU
		{27977BC0-06D0-46D0-B6FD-184DAB8006FC}.Release|Any CPU.ActiveCfg = Release|Any CPU
		{27977BC0-06D0-46D0-B6FD-184DAB8006FC}.Release|Any CPU.Build.0 = Release|Any CPU
		{9419CE4B-B380-46FC-9AA9-983009D72231}.Debug|Any CPU.ActiveCfg = Debug|Any CPU
		{9419CE4B-B380-46FC-9AA9-983009D72231}.Debug|Any CPU.Build.0 = Debug|Any CPU
		{9419CE4B-B380-46FC-9AA9-983009D72231}.Debug|Any CPU.Deploy.0 = Debug|Any CPU
		{9419CE4B-B380-46FC-9AA9-983009D72231}.Release|Any CPU.ActiveCfg = Release|Any CPU
		{9419CE4B-B380-46FC-9AA9-983009D72231}.Release|Any CPU.Build.0 = Release|Any CPU
		{9419CE4B-B380-46FC-9AA9-983009D72231}.Release|Any CPU.Deploy.0 = Release|Any CPU
	EndGlobalSection
	GlobalSection(SolutionProperties) = preSolution
		HideSolutionNode = FALSE
	EndGlobalSection
	GlobalSection(ExtensibilityGlobals) = postSolution
		SolutionGuid = {880CFB65-4308-4A4C-AAA6-DB786E098515}
	EndGlobalSection
EndGlobal
